
Microsoft Visual Studio Solution File, Format Version 12.00
# Visual Studio Version 16
VisualStudioVersion = 16.0.30621.155
MinimumVisualStudioVersion = 10.0.40219.1
Project("{00D1A9C2-B5F0-4AF3-8072-F6C62B433612}") = "FoodUnderstood.Database", "FoodUnderstood.Database\FoodUnderstood.Database.sqlproj", "{30B581F7-05C4-4D3F-85D4-D38EEBA83B3A}"
EndProject
Global
	GlobalSection(SolutionConfigurationPlatforms) = preSolution
		Debug|Any CPU = Debug|Any CPU
		Release|Any CPU = Release|Any CPU
	EndGlobalSection
	GlobalSection(ProjectConfigurationPlatforms) = postSolution
		{30B581F7-05C4-4D3F-85D4-D38EEBA83B3A}.Debug|Any CPU.ActiveCfg = Debug|Any CPU
		{30B581F7-05C4-4D3F-85D4-D38EEBA83B3A}.Debug|Any CPU.Build.0 = Debug|Any CPU
		{30B581F7-05C4-4D3F-85D4-D38EEBA83B3A}.Debug|Any CPU.Deploy.0 = Debug|Any CPU
		{30B581F7-05C4-4D3F-85D4-D38EEBA83B3A}.Release|Any CPU.ActiveCfg = Release|Any CPU
		{30B581F7-05C4-4D3F-85D4-D38EEBA83B3A}.Release|Any CPU.Build.0 = Release|Any CPU
		{30B581F7-05C4-4D3F-85D4-D38EEBA83B3A}.Release|Any CPU.Deploy.0 = Release|Any CPU
	EndGlobalSection
	GlobalSection(SolutionProperties) = preSolution
		HideSolutionNode = FALSE
	EndGlobalSection
	GlobalSection(ExtensibilityGlobals) = postSolution
		SolutionGuid = {B0BD41E1-A930-4678-ACD2-2A96E1EF5603}
	EndGlobalSection
EndGlobal
